{
  "name": "final_project",
  "lockfileVersion": 2,
  "requires": true,
  "packages": {
    "": {
      "dependencies": {
        "iframe-lightbox": "^0.2.11"
      }
    },
    "node_modules/iframe-lightbox": {
      "version": "0.2.11",
      "resolved": "https://registry.npmjs.org/iframe-lightbox/-/iframe-lightbox-0.2.11.tgz",
      "integrity": "sha512-Rl561jbkKGSNCcg2Mx+/htbcWJR5YCsc6O7jNaYyboL7ckvKH9LuObzYq+f8V7J7TUTBASvDx6qqsrN4m35+rw==",
      "engines": {
        "npm": "7.x"
      }
    }
  },
  "dependencies": {
    "iframe-lightbox": {
      "version": "0.2.11",
      "resolved": "https://registry.npmjs.org/iframe-lightbox/-/iframe-lightbox-0.2.11.tgz",
      "integrity": "sha512-Rl561jbkKGSNCcg2Mx+/htbcWJR5YCsc6O7jNaYyboL7ckvKH9LuObzYq+f8V7J7TUTBASvDx6qqsrN4m35+rw=="
    }
  }
}
